// !$*UTF8*$!
{
	archiveVersion = 1;
	classes = {
	};
	objectVersion = 46;
	objects = {

/* Begin PBXBuildFile section */
		184F797C195AB987000BE727 /* Foundation.framework in Frameworks */ = {isa = PBXBuildFile; fileRef = 184F797B195AB987000BE727 /* Foundation.framework */; };
		184F797E195AB987000BE727 /* CoreGraphics.framework in Frameworks */ = {isa = PBXBuildFile; fileRef = 184F797D195AB987000BE727 /* CoreGraphics.framework */; };
		184F7980195AB987000BE727 /* UIKit.framework in Frameworks */ = {isa = PBXBuildFile; fileRef = 184F797F195AB987000BE727 /* UIKit.framework */; };
		184F7986195AB987000BE727 /* InfoPlist.strings in Resources */ = {isa = PBXBuildFile; fileRef = 184F7984195AB987000BE727 /* InfoPlist.strings */; };
		184F7988195AB987000BE727 /* main.m in Sources */ = {isa = PBXBuildFile; fileRef = 184F7987195AB987000BE727 /* main.m */; };
		184F798C195AB987000BE727 /* AppDelegate.m in Sources */ = {isa = PBXBuildFile; fileRef = 184F798B195AB987000BE727 /* AppDelegate.m */; };
		184F798F195AB987000BE727 /* Main_iPhone.storyboard in Resources */ = {isa = PBXBuildFile; fileRef = 184F798D195AB987000BE727 /* Main_iPhone.storyboard */; };
		184F7992195AB987000BE727 /* Main_iPad.storyboard in Resources */ = {isa = PBXBuildFile; fileRef = 184F7990195AB987000BE727 /* Main_iPad.storyboard */; };
		184F7995195AB987000BE727 /* ViewController.m in Sources */ = {isa = PBXBuildFile; fileRef = 184F7994195AB987000BE727 /* ViewController.m */; };
		184F7997195AB987000BE727 /* Images.xcassets in Resources */ = {isa = PBXBuildFile; fileRef = 184F7996195AB987000BE727 /* Images.xcassets */; };
		184F799E195AB987000BE727 /* XCTest.framework in Frameworks */ = {isa = PBXBuildFile; fileRef = 184F799D195AB987000BE727 /* XCTest.framework */; };
		184F799F195AB987000BE727 /* Foundation.framework in Frameworks */ = {isa = PBXBuildFile; fileRef = 184F797B195AB987000BE727 /* Foundation.framework */; };
		184F79A0195AB987000BE727 /* UIKit.framework in Frameworks */ = {isa = PBXBuildFile; fileRef = 184F797F195AB987000BE727 /* UIKit.framework */; };
		184F79A8195AB987000BE727 /* InfoPlist.strings in Resources */ = {isa = PBXBuildFile; fileRef = 184F79A6195AB987000BE727 /* InfoPlist.strings */; };
		184F79AA195AB987000BE727 /* appTests.m in Sources */ = {isa = PBXBuildFile; fileRef = 184F79A9195AB987000BE727 /* appTests.m */; };
		184F79B4195ABA05000BE727 /* .gitignore in Resources */ = {isa = PBXBuildFile; fileRef = 184F79B3195ABA05000BE727 /* .gitignore */; };
		184F79D21961A464000BE727 /* Talk.m in Sources */ = {isa = PBXBuildFile; fileRef = 184F79D11961A464000BE727 /* Talk.m */; };
		184F79F219628FB7000BE727 /* TabViewController.m in Sources */ = {isa = PBXBuildFile; fileRef = 184F79F119628FB7000BE727 /* TabViewController.m */; };
		185D33201970F90600C741A0 /* HomeViewController.m in Sources */ = {isa = PBXBuildFile; fileRef = 185D331F1970F90600C741A0 /* HomeViewController.m */; };
		185D3323197102D400C741A0 /* TipsViewController.m in Sources */ = {isa = PBXBuildFile; fileRef = 185D3322197102D400C741A0 /* TipsViewController.m */; };
		185D332619721C5B00C741A0 /* TalkViewController.m in Sources */ = {isa = PBXBuildFile; fileRef = 185D332519721C5B00C741A0 /* TalkViewController.m */; };
		187AED8F1964551600294395 /* SignUpViewController.m in Sources */ = {isa = PBXBuildFile; fileRef = 187AED8E1964551500294395 /* SignUpViewController.m */; };
		187AED9219685B1500294395 /* Validation.m in Sources */ = {isa = PBXBuildFile; fileRef = 187AED9119685B1500294395 /* Validation.m */; };
		187AED9E196C59D100294395 /* InsideTableViewController.m in Sources */ = {isa = PBXBuildFile; fileRef = 187AED9D196C59D100294395 /* InsideTableViewController.m */; };
		187AEDA0196D11F600294395 /* QuartzCore.framework in Frameworks */ = {isa = PBXBuildFile; fileRef = 187AED9F196D11F600294395 /* QuartzCore.framework */; };
		187AEDA6196D122F00294395 /* SVProgressHUD.bundle in Resources */ = {isa = PBXBuildFile; fileRef = 187AEDA3196D122F00294395 /* SVProgressHUD.bundle */; };
		187AEDA7196D122F00294395 /* SVProgressHUD.m in Sources */ = {isa = PBXBuildFile; fileRef = 187AEDA5196D122F00294395 /* SVProgressHUD.m */; };
		187AEDA9196D1C1B00294395 /* Security.framework in Frameworks */ = {isa = PBXBuildFile; fileRef = 187AEDA8196D1C1B00294395 /* Security.framework */; };
		187AEDB1196D1C5B00294395 /* LUKeychainAccess.m in Sources */ = {isa = PBXBuildFile; fileRef = 187AEDAD196D1C5B00294395 /* LUKeychainAccess.m */; };
		187AEDB2196D1C5B00294395 /* LUKeychainServices.m in Sources */ = {isa = PBXBuildFile; fileRef = 187AEDB0196D1C5B00294395 /* LUKeychainServices.m */; };
		187AEDB6196ED4E800294395 /* ViewPagerController.m in Sources */ = {isa = PBXBuildFile; fileRef = 187AEDB5196ED4E800294395 /* ViewPagerController.m */; };
		187AEDC0196ED6CD00294395 /* ContentViewController.m in Sources */ = {isa = PBXBuildFile; fileRef = 187AEDBF196ED6CD00294395 /* ContentViewController.m */; };
		187AEDC3196ED73A00294395 /* PageController.m in Sources */ = {isa = PBXBuildFile; fileRef = 187AEDC2196ED73A00294395 /* PageController.m */; };
		18BF36C61974E6A5007BBC26 /* TalkTableViewCell.m in Sources */ = {isa = PBXBuildFile; fileRef = 18BF36C51974E6A5007BBC26 /* TalkTableViewCell.m */; };
/* End PBXBuildFile section */

/* Begin PBXContainerItemProxy section */
		184F79A1195AB987000BE727 /* PBXContainerItemProxy */ = {
			isa = PBXContainerItemProxy;
			containerPortal = 184F7970195AB987000BE727 /* Project object */;
			proxyType = 1;
			remoteGlobalIDString = 184F7977195AB987000BE727;
			remoteInfo = app;
		};
/* End PBXContainerItemProxy section */

/* Begin PBXFileReference section */
		184F7978195AB987000BE727 /* app.app */ = {isa = PBXFileReference; explicitFileType = wrapper.application; includeInIndex = 0; path = app.app; sourceTree = BUILT_PRODUCTS_DIR; };
		184F797B195AB987000BE727 /* Foundation.framework */ = {isa = PBXFileReference; lastKnownFileType = wrapper.framework; name = Foundation.framework; path = System/Library/Frameworks/Foundation.framework; sourceTree = SDKROOT; };
		184F797D195AB987000BE727 /* CoreGraphics.framework */ = {isa = PBXFileReference; lastKnownFileType = wrapper.framework; name = CoreGraphics.framework; path = System/Library/Frameworks/CoreGraphics.framework; sourceTree = SDKROOT; };
		184F797F195AB987000BE727 /* UIKit.framework */ = {isa = PBXFileReference; lastKnownFileType = wrapper.framework; name = UIKit.framework; path = System/Library/Frameworks/UIKit.framework; sourceTree = SDKROOT; };
		184F7983195AB987000BE727 /* app-Info.plist */ = {isa = PBXFileReference; lastKnownFileType = text.plist.xml; path = "app-Info.plist"; sourceTree = "<group>"; };
		184F7985195AB987000BE727 /* en */ = {isa = PBXFileReference; lastKnownFileType = text.plist.strings; name = en; path = en.lproj/InfoPlist.strings; sourceTree = "<group>"; };
		184F7987195AB987000BE727 /* main.m */ = {isa = PBXFileReference; lastKnownFileType = sourcecode.c.objc; path = main.m; sourceTree = "<group>"; };
		184F7989195AB987000BE727 /* app-Prefix.pch */ = {isa = PBXFileReference; lastKnownFileType = sourcecode.c.h; path = "app-Prefix.pch"; sourceTree = "<group>"; };
		184F798A195AB987000BE727 /* AppDelegate.h */ = {isa = PBXFileReference; lastKnownFileType = sourcecode.c.h; path = AppDelegate.h; sourceTree = "<group>"; };
		184F798B195AB987000BE727 /* AppDelegate.m */ = {isa = PBXFileReference; lastKnownFileType = sourcecode.c.objc; path = AppDelegate.m; sourceTree = "<group>"; };
		184F798E195AB987000BE727 /* Base */ = {isa = PBXFileReference; lastKnownFileType = file.storyboard; name = Base; path = Base.lproj/Main_iPhone.storyboard; sourceTree = "<group>"; };
		184F7991195AB987000BE727 /* Base */ = {isa = PBXFileReference; lastKnownFileType = file.storyboard; name = Base; path = Base.lproj/Main_iPad.storyboard; sourceTree = "<group>"; };
		184F7993195AB987000BE727 /* ViewController.h */ = {isa = PBXFileReference; lastKnownFileType = sourcecode.c.h; path = ViewController.h; sourceTree = "<group>"; };
		184F7994195AB987000BE727 /* ViewController.m */ = {isa = PBXFileReference; lastKnownFileType = sourcecode.c.objc; path = ViewController.m; sourceTree = "<group>"; };
		184F7996195AB987000BE727 /* Images.xcassets */ = {isa = PBXFileReference; lastKnownFileType = folder.assetcatalog; path = Images.xcassets; sourceTree = "<group>"; };
		184F799C195AB987000BE727 /* appTests.xctest */ = {isa = PBXFileReference; explicitFileType = wrapper.cfbundle; includeInIndex = 0; path = appTests.xctest; sourceTree = BUILT_PRODUCTS_DIR; };
		184F799D195AB987000BE727 /* XCTest.framework */ = {isa = PBXFileReference; lastKnownFileType = wrapper.framework; name = XCTest.framework; path = Library/Frameworks/XCTest.framework; sourceTree = DEVELOPER_DIR; };
		184F79A5195AB987000BE727 /* appTests-Info.plist */ = {isa = PBXFileReference; lastKnownFileType = text.plist.xml; path = "appTests-Info.plist"; sourceTree = "<group>"; };
		184F79A7195AB987000BE727 /* en */ = {isa = PBXFileReference; lastKnownFileType = text.plist.strings; name = en; path = en.lproj/InfoPlist.strings; sourceTree = "<group>"; };
		184F79A9195AB987000BE727 /* appTests.m */ = {isa = PBXFileReference; lastKnownFileType = sourcecode.c.objc; path = appTests.m; sourceTree = "<group>"; };
		184F79B3195ABA05000BE727 /* .gitignore */ = {isa = PBXFileReference; fileEncoding = 4; lastKnownFileType = text; path = .gitignore; sourceTree = "<group>"; };
		184F79D01961A464000BE727 /* Talk.h */ = {isa = PBXFileReference; fileEncoding = 4; lastKnownFileType = sourcecode.c.h; path = Talk.h; sourceTree = "<group>"; };
		184F79D11961A464000BE727 /* Talk.m */ = {isa = PBXFileReference; fileEncoding = 4; lastKnownFileType = sourcecode.c.objc; path = Talk.m; sourceTree = "<group>"; };
		184F79F019628FB7000BE727 /* TabViewController.h */ = {isa = PBXFileReference; fileEncoding = 4; lastKnownFileType = sourcecode.c.h; path = TabViewController.h; sourceTree = "<group>"; };
		184F79F119628FB7000BE727 /* TabViewController.m */ = {isa = PBXFileReference; fileEncoding = 4; lastKnownFileType = sourcecode.c.objc; path = TabViewController.m; sourceTree = "<group>"; };
		185D331E1970F90600C741A0 /* HomeViewController.h */ = {isa = PBXFileReference; fileEncoding = 4; lastKnownFileType = sourcecode.c.h; path = HomeViewController.h; sourceTree = "<group>"; };
		185D331F1970F90600C741A0 /* HomeViewController.m */ = {isa = PBXFileReference; fileEncoding = 4; lastKnownFileType = sourcecode.c.objc; path = HomeViewController.m; sourceTree = "<group>"; };
		185D3321197102D400C741A0 /* TipsViewController.h */ = {isa = PBXFileReference; fileEncoding = 4; lastKnownFileType = sourcecode.c.h; path = TipsViewController.h; sourceTree = "<group>"; };
		185D3322197102D400C741A0 /* TipsViewController.m */ = {isa = PBXFileReference; fileEncoding = 4; lastKnownFileType = sourcecode.c.objc; path = TipsViewController.m; sourceTree = "<group>"; };
		185D332419721C5B00C741A0 /* TalkViewController.h */ = {isa = PBXFileReference; fileEncoding = 4; lastKnownFileType = sourcecode.c.h; path = TalkViewController.h; sourceTree = "<group>"; };
		185D332519721C5B00C741A0 /* TalkViewController.m */ = {isa = PBXFileReference; fileEncoding = 4; lastKnownFileType = sourcecode.c.objc; path = TalkViewController.m; sourceTree = "<group>"; };
		187AED8D1964551500294395 /* SignUpViewController.h */ = {isa = PBXFileReference; fileEncoding = 4; lastKnownFileType = sourcecode.c.h; path = SignUpViewController.h; sourceTree = "<group>"; };
		187AED8E1964551500294395 /* SignUpViewController.m */ = {isa = PBXFileReference; fileEncoding = 4; lastKnownFileType = sourcecode.c.objc; path = SignUpViewController.m; sourceTree = "<group>"; };
		187AED9019685B1500294395 /* Validation.h */ = {isa = PBXFileReference; fileEncoding = 4; lastKnownFileType = sourcecode.c.h; path = Validation.h; sourceTree = "<group>"; };
		187AED9119685B1500294395 /* Validation.m */ = {isa = PBXFileReference; fileEncoding = 4; lastKnownFileType = sourcecode.c.objc; path = Validation.m; sourceTree = "<group>"; };
		187AED9C196C59D100294395 /* InsideTableViewController.h */ = {isa = PBXFileReference; fileEncoding = 4; lastKnownFileType = sourcecode.c.h; path = InsideTableViewController.h; sourceTree = "<group>"; };
		187AED9D196C59D100294395 /* InsideTableViewController.m */ = {isa = PBXFileReference; fileEncoding = 4; lastKnownFileType = sourcecode.c.objc; path = InsideTableViewController.m; sourceTree = "<group>"; };
		187AED9F196D11F600294395 /* QuartzCore.framework */ = {isa = PBXFileReference; lastKnownFileType = wrapper.framework; name = QuartzCore.framework; path = System/Library/Frameworks/QuartzCore.framework; sourceTree = SDKROOT; };
		187AEDA2196D122F00294395 /* SVProgressHUD-Prefix.pch */ = {isa = PBXFileReference; fileEncoding = 4; lastKnownFileType = sourcecode.c.h; path = "SVProgressHUD-Prefix.pch"; sourceTree = "<group>"; };
		187AEDA3196D122F00294395 /* SVProgressHUD.bundle */ = {isa = PBXFileReference; lastKnownFileType = "wrapper.plug-in"; path = SVProgressHUD.bundle; sourceTree = "<group>"; };
		187AEDA4196D122F00294395 /* SVProgressHUD.h */ = {isa = PBXFileReference; fileEncoding = 4; lastKnownFileType = sourcecode.c.h; path = SVProgressHUD.h; sourceTree = "<group>"; };
		187AEDA5196D122F00294395 /* SVProgressHUD.m */ = {isa = PBXFileReference; fileEncoding = 4; lastKnownFileType = sourcecode.c.objc; path = SVProgressHUD.m; sourceTree = "<group>"; };
		187AEDA8196D1C1B00294395 /* Security.framework */ = {isa = PBXFileReference; lastKnownFileType = wrapper.framework; name = Security.framework; path = System/Library/Frameworks/Security.framework; sourceTree = SDKROOT; };
		187AEDAB196D1C5B00294395 /* LUKeychainAccess-Prefix.pch */ = {isa = PBXFileReference; fileEncoding = 4; lastKnownFileType = sourcecode.c.h; path = "LUKeychainAccess-Prefix.pch"; sourceTree = "<group>"; };
		187AEDAC196D1C5B00294395 /* LUKeychainAccess.h */ = {isa = PBXFileReference; fileEncoding = 4; lastKnownFileType = sourcecode.c.h; path = LUKeychainAccess.h; sourceTree = "<group>"; };
		187AEDAD196D1C5B00294395 /* LUKeychainAccess.m */ = {isa = PBXFileReference; fileEncoding = 4; lastKnownFileType = sourcecode.c.objc; path = LUKeychainAccess.m; sourceTree = "<group>"; };
		187AEDAE196D1C5B00294395 /* LUKeychainErrorHandler.h */ = {isa = PBXFileReference; fileEncoding = 4; lastKnownFileType = sourcecode.c.h; path = LUKeychainErrorHandler.h; sourceTree = "<group>"; };
		187AEDAF196D1C5B00294395 /* LUKeychainServices.h */ = {isa = PBXFileReference; fileEncoding = 4; lastKnownFileType = sourcecode.c.h; path = LUKeychainServices.h; sourceTree = "<group>"; };
		187AEDB0196D1C5B00294395 /* LUKeychainServices.m */ = {isa = PBXFileReference; fileEncoding = 4; lastKnownFileType = sourcecode.c.objc; path = LUKeychainServices.m; sourceTree = "<group>"; };
		187AEDB4196ED4E800294395 /* ViewPagerController.h */ = {isa = PBXFileReference; fileEncoding = 4; lastKnownFileType = sourcecode.c.h; path = ViewPagerController.h; sourceTree = "<group>"; };
		187AEDB5196ED4E800294395 /* ViewPagerController.m */ = {isa = PBXFileReference; fileEncoding = 4; lastKnownFileType = sourcecode.c.objc; path = ViewPagerController.m; sourceTree = "<group>"; };
		187AEDBE196ED6CD00294395 /* ContentViewController.h */ = {isa = PBXFileReference; fileEncoding = 4; lastKnownFileType = sourcecode.c.h; path = ContentViewController.h; sourceTree = "<group>"; };
		187AEDBF196ED6CD00294395 /* ContentViewController.m */ = {isa = PBXFileReference; fileEncoding = 4; lastKnownFileType = sourcecode.c.objc; path = ContentViewController.m; sourceTree = "<group>"; };
		187AEDC1196ED73A00294395 /* PageController.h */ = {isa = PBXFileReference; fileEncoding = 4; lastKnownFileType = sourcecode.c.h; path = PageController.h; sourceTree = "<group>"; };
		187AEDC2196ED73A00294395 /* PageController.m */ = {isa = PBXFileReference; fileEncoding = 4; lastKnownFileType = sourcecode.c.objc; path = PageController.m; sourceTree = "<group>"; };
		18BF36C41974E6A5007BBC26 /* TalkTableViewCell.h */ = {isa = PBXFileReference; fileEncoding = 4; lastKnownFileType = sourcecode.c.h; path = TalkTableViewCell.h; sourceTree = "<group>"; };
		18BF36C51974E6A5007BBC26 /* TalkTableViewCell.m */ = {isa = PBXFileReference; fileEncoding = 4; lastKnownFileType = sourcecode.c.objc; path = TalkTableViewCell.m; sourceTree = "<group>"; };
/* End PBXFileReference section */

/* Begin PBXFrameworksBuildPhase section */
		184F7975195AB987000BE727 /* Frameworks */ = {
			isa = PBXFrameworksBuildPhase;
			buildActionMask = 2147483647;
			files = (
				187AEDA9196D1C1B00294395 /* Security.framework in Frameworks */,
				187AEDA0196D11F600294395 /* QuartzCore.framework in Frameworks */,
				184F797E195AB987000BE727 /* CoreGraphics.framework in Frameworks */,
				184F7980195AB987000BE727 /* UIKit.framework in Frameworks */,
				184F797C195AB987000BE727 /* Foundation.framework in Frameworks */,
			);
			runOnlyForDeploymentPostprocessing = 0;
		};
		184F7999195AB987000BE727 /* Frameworks */ = {
			isa = PBXFrameworksBuildPhase;
			buildActionMask = 2147483647;
			files = (
				184F799E195AB987000BE727 /* XCTest.framework in Frameworks */,
				184F79A0195AB987000BE727 /* UIKit.framework in Frameworks */,
				184F799F195AB987000BE727 /* Foundation.framework in Frameworks */,
			);
			runOnlyForDeploymentPostprocessing = 0;
		};
/* End PBXFrameworksBuildPhase section */

/* Begin PBXGroup section */
		184F796F195AB987000BE727 = {
			isa = PBXGroup;
			children = (
				184F79B3195ABA05000BE727 /* .gitignore */,
				184F7981195AB987000BE727 /* app */,
				184F79A3195AB987000BE727 /* appTests */,
				184F797A195AB987000BE727 /* Frameworks */,
				184F7979195AB987000BE727 /* Products */,
			);
			sourceTree = "<group>";
		};
		184F7979195AB987000BE727 /* Products */ = {
			isa = PBXGroup;
			children = (
				184F7978195AB987000BE727 /* app.app */,
				184F799C195AB987000BE727 /* appTests.xctest */,
			);
			name = Products;
			sourceTree = "<group>";
		};
		184F797A195AB987000BE727 /* Frameworks */ = {
			isa = PBXGroup;
			children = (
				187AEDA8196D1C1B00294395 /* Security.framework */,
				187AED9F196D11F600294395 /* QuartzCore.framework */,
				184F797B195AB987000BE727 /* Foundation.framework */,
				184F797D195AB987000BE727 /* CoreGraphics.framework */,
				184F797F195AB987000BE727 /* UIKit.framework */,
				184F799D195AB987000BE727 /* XCTest.framework */,
			);
			name = Frameworks;
			sourceTree = "<group>";
		};
		184F7981195AB987000BE727 /* app */ = {
			isa = PBXGroup;
			children = (
				187AEDB3196ED4E800294395 /* ICViewPager */,
				187AEDAA196D1C5B00294395 /* LUKeychainAccess */,
				187AEDA1196D122F00294395 /* SVProgressHUD */,
				184F798A195AB987000BE727 /* AppDelegate.h */,
				184F798B195AB987000BE727 /* AppDelegate.m */,
				184F798D195AB987000BE727 /* Main_iPhone.storyboard */,
				185D331E1970F90600C741A0 /* HomeViewController.h */,
				185D331F1970F90600C741A0 /* HomeViewController.m */,
				185D3321197102D400C741A0 /* TipsViewController.h */,
				185D3322197102D400C741A0 /* TipsViewController.m */,
				18BF36C01972C951007BBC26 /* Talk */,
				18BF36C11972C95D007BBC26 /* Login/SignUp */,
				18BF36C21972C9B3007BBC26 /* TalkInside */,
				184F7996195AB987000BE727 /* Images.xcassets */,
				18BF36C31972C9DB007BBC26 /* old */,
				184F7982195AB987000BE727 /* Supporting Files */,
			);
			path = app;
			sourceTree = "<group>";
		};
		184F7982195AB987000BE727 /* Supporting Files */ = {
			isa = PBXGroup;
			children = (
				184F7983195AB987000BE727 /* app-Info.plist */,
				184F7984195AB987000BE727 /* InfoPlist.strings */,
				184F7987195AB987000BE727 /* main.m */,
				184F7989195AB987000BE727 /* app-Prefix.pch */,
			);
			name = "Supporting Files";
			sourceTree = "<group>";
		};
		184F79A3195AB987000BE727 /* appTests */ = {
			isa = PBXGroup;
			children = (
				184F79A9195AB987000BE727 /* appTests.m */,
				184F79A4195AB987000BE727 /* Supporting Files */,
			);
			path = appTests;
			sourceTree = "<group>";
		};
		184F79A4195AB987000BE727 /* Supporting Files */ = {
			isa = PBXGroup;
			children = (
				184F79A5195AB987000BE727 /* appTests-Info.plist */,
				184F79A6195AB987000BE727 /* InfoPlist.strings */,
			);
			name = "Supporting Files";
			sourceTree = "<group>";
		};
		187AEDA1196D122F00294395 /* SVProgressHUD */ = {
			isa = PBXGroup;
			children = (
				187AEDA2196D122F00294395 /* SVProgressHUD-Prefix.pch */,
				187AEDA3196D122F00294395 /* SVProgressHUD.bundle */,
				187AEDA4196D122F00294395 /* SVProgressHUD.h */,
				187AEDA5196D122F00294395 /* SVProgressHUD.m */,
			);
			name = SVProgressHUD;
			path = ../../../../SVProgressHUD/SVProgressHUD;
			sourceTree = "<group>";
		};
		187AEDAA196D1C5B00294395 /* LUKeychainAccess */ = {
			isa = PBXGroup;
			children = (
				187AEDAB196D1C5B00294395 /* LUKeychainAccess-Prefix.pch */,
				187AEDAC196D1C5B00294395 /* LUKeychainAccess.h */,
				187AEDAD196D1C5B00294395 /* LUKeychainAccess.m */,
				187AEDAE196D1C5B00294395 /* LUKeychainErrorHandler.h */,
				187AEDAF196D1C5B00294395 /* LUKeychainServices.h */,
				187AEDB0196D1C5B00294395 /* LUKeychainServices.m */,
			);
			name = LUKeychainAccess;
			path = ../../../../LUKeychainAccess/LUKeychainAccess;
			sourceTree = "<group>";
		};
		187AEDB3196ED4E800294395 /* ICViewPager */ = {
			isa = PBXGroup;
			children = (
				187AEDB4196ED4E800294395 /* ViewPagerController.h */,
				187AEDB5196ED4E800294395 /* ViewPagerController.m */,
			);
			name = ICViewPager;
			path = ../../../../ICViewPager/ICViewPager/ICViewPager;
			sourceTree = "<group>";
		};
		18BF36C01972C951007BBC26 /* Talk */ = {
			isa = PBXGroup;
			children = (
				185D332419721C5B00C741A0 /* TalkViewController.h */,
				185D332519721C5B00C741A0 /* TalkViewController.m */,
				184F79D01961A464000BE727 /* Talk.h */,
				184F79D11961A464000BE727 /* Talk.m */,
				18BF36C41974E6A5007BBC26 /* TalkTableViewCell.h */,
				18BF36C51974E6A5007BBC26 /* TalkTableViewCell.m */,
			);
			name = Talk;
			sourceTree = "<group>";
		};
		18BF36C11972C95D007BBC26 /* Login/SignUp */ = {
			isa = PBXGroup;
			children = (
				187AED9019685B1500294395 /* Validation.h */,
				187AED9119685B1500294395 /* Validation.m */,
				187AED8D1964551500294395 /* SignUpViewController.h */,
				187AED8E1964551500294395 /* SignUpViewController.m */,
				184F7993195AB987000BE727 /* ViewController.h */,
				184F7994195AB987000BE727 /* ViewController.m */,
			);
			name = Login/SignUp;
			sourceTree = "<group>";
		};
		18BF36C21972C9B3007BBC26 /* TalkInside */ = {
			isa = PBXGroup;
			children = (
				187AED9C196C59D100294395 /* InsideTableViewController.h */,
				187AED9D196C59D100294395 /* InsideTableViewController.m */,
				187AEDC1196ED73A00294395 /* PageController.h */,
				187AEDC2196ED73A00294395 /* PageController.m */,
				187AEDBE196ED6CD00294395 /* ContentViewController.h */,
				187AEDBF196ED6CD00294395 /* ContentViewController.m */,
			);
			name = TalkInside;
			sourceTree = "<group>";
		};
		18BF36C31972C9DB007BBC26 /* old */ = {
			isa = PBXGroup;
			children = (
				184F7990195AB987000BE727 /* Main_iPad.storyboard */,
				184F79F019628FB7000BE727 /* TabViewController.h */,
				184F79F119628FB7000BE727 /* TabViewController.m */,
			);
			name = old;
			sourceTree = "<group>";
		};
/* End PBXGroup section */

/* Begin PBXNativeTarget section */
		184F7977195AB987000BE727 /* app */ = {
			isa = PBXNativeTarget;
			buildConfigurationList = 184F79AD195AB987000BE727 /* Build configuration list for PBXNativeTarget "app" */;
			buildPhases = (
				184F7974195AB987000BE727 /* Sources */,
				184F7975195AB987000BE727 /* Frameworks */,
				184F7976195AB987000BE727 /* Resources */,
			);
			buildRules = (
			);
			dependencies = (
			);
			name = app;
			productName = app;
			productReference = 184F7978195AB987000BE727 /* app.app */;
			productType = "com.apple.product-type.application";
		};
		184F799B195AB987000BE727 /* appTests */ = {
			isa = PBXNativeTarget;
			buildConfigurationList = 184F79B0195AB987000BE727 /* Build configuration list for PBXNativeTarget "appTests" */;
			buildPhases = (
				184F7998195AB987000BE727 /* Sources */,
				184F7999195AB987000BE727 /* Frameworks */,
				184F799A195AB987000BE727 /* Resources */,
			);
			buildRules = (
			);
			dependencies = (
				184F79A2195AB987000BE727 /* PBXTargetDependency */,
			);
			name = appTests;
			productName = appTests;
			productReference = 184F799C195AB987000BE727 /* appTests.xctest */;
			productType = "com.apple.product-type.bundle.unit-test";
		};
/* End PBXNativeTarget section */

/* Begin PBXProject section */
		184F7970195AB987000BE727 /* Project object */ = {
			isa = PBXProject;
			attributes = {
				LastUpgradeCheck = 0510;
				ORGANIZATIONNAME = MasanariKamoshita;
				TargetAttributes = {
					184F799B195AB987000BE727 = {
						TestTargetID = 184F7977195AB987000BE727;
					};
				};
			};
			buildConfigurationList = 184F7973195AB987000BE727 /* Build configuration list for PBXProject "app" */;
			compatibilityVersion = "Xcode 3.2";
			developmentRegion = English;
			hasScannedForEncodings = 0;
			knownRegions = (
				en,
				Base,
			);
			mainGroup = 184F796F195AB987000BE727;
			productRefGroup = 184F7979195AB987000BE727 /* Products */;
			projectDirPath = "";
			projectRoot = "";
			targets = (
				184F7977195AB987000BE727 /* app */,
				184F799B195AB987000BE727 /* appTests */,
			);
		};
/* End PBXProject section */

/* Begin PBXResourcesBuildPhase section */
		184F7976195AB987000BE727 /* Resources */ = {
			isa = PBXResourcesBuildPhase;
			buildActionMask = 2147483647;
			files = (
				184F79B4195ABA05000BE727 /* .gitignore in Resources */,
				184F7992195AB987000BE727 /* Main_iPad.storyboard in Resources */,
				187AEDA6196D122F00294395 /* SVProgressHUD.bundle in Resources */,
				184F7997195AB987000BE727 /* Images.xcassets in Resources */,
				184F798F195AB987000BE727 /* Main_iPhone.storyboard in Resources */,
				184F7986195AB987000BE727 /* InfoPlist.strings in Resources */,
			);
			runOnlyForDeploymentPostprocessing = 0;
		};
		184F799A195AB987000BE727 /* Resources */ = {
			isa = PBXResourcesBuildPhase;
			buildActionMask = 2147483647;
			files = (
				184F79A8195AB987000BE727 /* InfoPlist.strings in Resources */,
			);
			runOnlyForDeploymentPostprocessing = 0;
		};
/* End PBXResourcesBuildPhase section */

/* Begin PBXSourcesBuildPhase section */
		184F7974195AB987000BE727 /* Sources */ = {
			isa = PBXSourcesBuildPhase;
			buildActionMask = 2147483647;
			files = (
				184F79D21961A464000BE727 /* Talk.m in Sources */,
				185D3323197102D400C741A0 /* TipsViewController.m in Sources */,
				187AED9219685B1500294395 /* Validation.m in Sources */,
				184F7995195AB987000BE727 /* ViewController.m in Sources */,
				187AEDB2196D1C5B00294395 /* LUKeychainServices.m in Sources */,
				187AEDB6196ED4E800294395 /* ViewPagerController.m in Sources */,
				184F798C195AB987000BE727 /* AppDelegate.m in Sources */,
				185D33201970F90600C741A0 /* HomeViewController.m in Sources */,
				184F79F219628FB7000BE727 /* TabViewController.m in Sources */,
				18BF36C61974E6A5007BBC26 /* TalkTableViewCell.m in Sources */,
				185D332619721C5B00C741A0 /* TalkViewController.m in Sources */,
				184F7988195AB987000BE727 /* main.m in Sources */,
				187AEDA7196D122F00294395 /* SVProgressHUD.m in Sources */,
				187AEDC0196ED6CD00294395 /* ContentViewController.m in Sources */,
				187AED9E196C59D100294395 /* InsideTableViewController.m in Sources */,
				187AEDC3196ED73A00294395 /* PageController.m in Sources */,
				187AEDB1196D1C5B00294395 /* LUKeychainAccess.m in Sources */,
				187AED8F1964551600294395 /* SignUpViewController.m in Sources */,
			);
			runOnlyForDeploymentPostprocessing = 0;
		};
		184F7998195AB987000BE727 /* Sources */ = {
			isa = PBXSourcesBuildPhase;
			buildActionMask = 2147483647;
			files = (
				184F79AA195AB987000BE727 /* appTests.m in Sources */,
			);
			runOnlyForDeploymentPostprocessing = 0;
		};
/* End PBXSourcesBuildPhase section */

/* Begin PBXTargetDependency section */
		184F79A2195AB987000BE727 /* PBXTargetDependency */ = {
			isa = PBXTargetDependency;
			target = 184F7977195AB987000BE727 /* app */;
			targetProxy = 184F79A1195AB987000BE727 /* PBXContainerItemProxy */;
		};
/* End PBXTargetDependency section */

/* Begin PBXVariantGroup section */
		184F7984195AB987000BE727 /* InfoPlist.strings */ = {
			isa = PBXVariantGroup;
			children = (
				184F7985195AB987000BE727 /* en */,
			);
			name = InfoPlist.strings;
			sourceTree = "<group>";
		};
		184F798D195AB987000BE727 /* Main_iPhone.storyboard */ = {
			isa = PBXVariantGroup;
			children = (
				184F798E195AB987000BE727 /* Base */,
			);
			name = Main_iPhone.storyboard;
			sourceTree = "<group>";
		};
		184F7990195AB987000BE727 /* Main_iPad.storyboard */ = {
			isa = PBXVariantGroup;
			children = (
				184F7991195AB987000BE727 /* Base */,
			);
			name = Main_iPad.storyboard;
			sourceTree = "<group>";
		};
		184F79A6195AB987000BE727 /* InfoPlist.strings */ = {
			isa = PBXVariantGroup;
			children = (
				184F79A7195AB987000BE727 /* en */,
			);
			name = InfoPlist.strings;
			sourceTree = "<group>";
		};
/* End PBXVariantGroup section */

/* Begin XCBuildConfiguration section */
		184F79AB195AB987000BE727 /* Debug */ = {
			isa = XCBuildConfiguration;
			buildSettings = {
				ALWAYS_SEARCH_USER_PATHS = NO;
				CLANG_CXX_LANGUAGE_STANDARD = "gnu++0x";
				CLANG_CXX_LIBRARY = "libc++";
				CLANG_ENABLE_MODULES = YES;
				CLANG_ENABLE_OBJC_ARC = YES;
				CLANG_WARN_BOOL_CONVERSION = YES;
				CLANG_WARN_CONSTANT_CONVERSION = YES;
				CLANG_WARN_DIRECT_OBJC_ISA_USAGE = YES_ERROR;
				CLANG_WARN_EMPTY_BODY = YES;
				CLANG_WARN_ENUM_CONVERSION = YES;
				CLANG_WARN_INT_CONVERSION = YES;
				CLANG_WARN_OBJC_ROOT_CLASS = YES_ERROR;
				CLANG_WARN__DUPLICATE_METHOD_MATCH = YES;
				"CODE_SIGN_IDENTITY[sdk=iphoneos*]" = "iPhone Developer";
				COPY_PHASE_STRIP = NO;
				GCC_C_LANGUAGE_STANDARD = gnu99;
				GCC_DYNAMIC_NO_PIC = NO;
				GCC_OPTIMIZATION_LEVEL = 0;
				GCC_PREPROCESSOR_DEFINITIONS = (
					"DEBUG=1",
					"$(inherited)",
				);
				GCC_SYMBOLS_PRIVATE_EXTERN = NO;
				GCC_WARN_64_TO_32_BIT_CONVERSION = YES;
				GCC_WARN_ABOUT_RETURN_TYPE = YES_ERROR;
				GCC_WARN_UNDECLARED_SELECTOR = YES;
				GCC_WARN_UNINITIALIZED_AUTOS = YES_AGGRESSIVE;
				GCC_WARN_UNUSED_FUNCTION = YES;
				GCC_WARN_UNUSED_VARIABLE = YES;
				IPHONEOS_DEPLOYMENT_TARGET = 7.1;
				ONLY_ACTIVE_ARCH = YES;
				SDKROOT = iphoneos;
				TARGETED_DEVICE_FAMILY = "1,2";
			};
			name = Debug;
		};
		184F79AC195AB987000BE727 /* Release */ = {
			isa = XCBuildConfiguration;
			buildSettings = {
				ALWAYS_SEARCH_USER_PATHS = NO;
				CLANG_CXX_LANGUAGE_STANDARD = "gnu++0x";
				CLANG_CXX_LIBRARY = "libc++";
				CLANG_ENABLE_MODULES = YES;
				CLANG_ENABLE_OBJC_ARC = YES;
				CLANG_WARN_BOOL_CONVERSION = YES;
				CLANG_WARN_CONSTANT_CONVERSION = YES;
				CLANG_WARN_DIRECT_OBJC_ISA_USAGE = YES_ERROR;
				CLANG_WARN_EMPTY_BODY = YES;
				CLANG_WARN_ENUM_CONVERSION = YES;
				CLANG_WARN_INT_CONVERSION = YES;
				CLANG_WARN_OBJC_ROOT_CLASS = YES_ERROR;
				CLANG_WARN__DUPLICATE_METHOD_MATCH = YES;
				"CODE_SIGN_IDENTITY[sdk=iphoneos*]" = "iPhone Developer";
				COPY_PHASE_STRIP = YES;
				ENABLE_NS_ASSERTIONS = NO;
				GCC_C_LANGUAGE_STANDARD = gnu99;
				GCC_WARN_64_TO_32_BIT_CONVERSION = YES;
				GCC_WARN_ABOUT_RETURN_TYPE = YES_ERROR;
				GCC_WARN_UNDECLARED_SELECTOR = YES;
				GCC_WARN_UNINITIALIZED_AUTOS = YES_AGGRESSIVE;
				GCC_WARN_UNUSED_FUNCTION = YES;
				GCC_WARN_UNUSED_VARIABLE = YES;
				IPHONEOS_DEPLOYMENT_TARGET = 7.1;
				SDKROOT = iphoneos;
				TARGETED_DEVICE_FAMILY = "1,2";
				VALIDATE_PRODUCT = YES;
			};
			name = Release;
		};
		184F79AE195AB987000BE727 /* Debug */ = {
			isa = XCBuildConfiguration;
			buildSettings = {
				ASSETCATALOG_COMPILER_APPICON_NAME = AppIcon;
				ASSETCATALOG_COMPILER_LAUNCHIMAGE_NAME = LaunchImage;
				GCC_PRECOMPILE_PREFIX_HEADER = YES;
				GCC_PREFIX_HEADER = "app/app-Prefix.pch";
				INFOPLIST_FILE = "app/app-Info.plist";
				PRODUCT_NAME = "$(TARGET_NAME)";
				WRAPPER_EXTENSION = app;
			};
			name = Debug;
		};
		184F79AF195AB987000BE727 /* Release */ = {
			isa = XCBuildConfiguration;
			buildSettings = {
				ASSETCATALOG_COMPILER_APPICON_NAME = AppIcon;
				ASSETCATALOG_COMPILER_LAUNCHIMAGE_NAME = LaunchImage;
				GCC_PRECOMPILE_PREFIX_HEADER = YES;
				GCC_PREFIX_HEADER = "app/app-Prefix.pch";
				INFOPLIST_FILE = "app/app-Info.plist";
				PRODUCT_NAME = "$(TARGET_NAME)";
				WRAPPER_EXTENSION = app;
			};
			name = Release;
		};
		184F79B1195AB987000BE727 /* Debug */ = {
			isa = XCBuildConfiguration;
			buildSettings = {
				BUNDLE_LOADER = "$(BUILT_PRODUCTS_DIR)/app.app/app";
				FRAMEWORK_SEARCH_PATHS = (
					"$(SDKROOT)/Developer/Library/Frameworks",
					"$(inherited)",
					"$(DEVELOPER_FRAMEWORKS_DIR)",
				);
				GCC_PRECOMPILE_PREFIX_HEADER = YES;
				GCC_PREFIX_HEADER = "app/app-Prefix.pch";
				GCC_PREPROCESSOR_DEFINITIONS = (
					"DEBUG=1",
					"$(inherited)",
				);
				INFOPLIST_FILE = "appTests/appTests-Info.plist";
				PRODUCT_NAME = "$(TARGET_NAME)";
				TEST_HOST = "$(BUNDLE_LOADER)";
				WRAPPER_EXTENSION = xctest;
			};
			name = Debug;
		};
		184F79B2195AB987000BE727 /* Release */ = {
			isa = XCBuildConfiguration;
			buildSettings = {
				BUNDLE_LOADER = "$(BUILT_PRODUCTS_DIR)/app.app/app";
				FRAMEWORK_SEARCH_PATHS = (
					"$(SDKROOT)/Developer/Library/Frameworks",
					"$(inherited)",
					"$(DEVELOPER_FRAMEWORKS_DIR)",
				);
				GCC_PRECOMPILE_PREFIX_HEADER = YES;
				GCC_PREFIX_HEADER = "app/app-Prefix.pch";
				INFOPLIST_FILE = "appTests/appTests-Info.plist";
				PRODUCT_NAME = "$(TARGET_NAME)";
				TEST_HOST = "$(BUNDLE_LOADER)";
				WRAPPER_EXTENSION = xctest;
			};
			name = Release;
		};
/* End XCBuildConfiguration section */

/* Begin XCConfigurationList section */
		184F7973195AB987000BE727 /* Build configuration list for PBXProject "app" */ = {
			isa = XCConfigurationList;
			buildConfigurations = (
				184F79AB195AB987000BE727 /* Debug */,
				184F79AC195AB987000BE727 /* Release */,
			);
			defaultConfigurationIsVisible = 0;
			defaultConfigurationName = Release;
		};
		184F79AD195AB987000BE727 /* Build configuration list for PBXNativeTarget "app" */ = {
			isa = XCConfigurationList;
			buildConfigurations = (
				184F79AE195AB987000BE727 /* Debug */,
				184F79AF195AB987000BE727 /* Release */,
			);
			defaultConfigurationIsVisible = 0;
			defaultConfigurationName = Release;
		};
		184F79B0195AB987000BE727 /* Build configuration list for PBXNativeTarget "appTests" */ = {
			isa = XCConfigurationList;
			buildConfigurations = (
				184F79B1195AB987000BE727 /* Debug */,
				184F79B2195AB987000BE727 /* Release */,
			);
			defaultConfigurationIsVisible = 0;
			defaultConfigurationName = Release;
		};
/* End XCConfigurationList section */
	};
	rootObject = 184F7970195AB987000BE727 /* Project object */;
}
